
Microsoft Visual Studio Solution File, Format Version 12.00
# Visual Studio Version 17
VisualStudioVersion = 17.5.33516.290
MinimumVisualStudioVersion = 10.0.40219.1
Project("{FAE04EC0-301F-11D3-BF4B-00C04F79EFBC}") = "Elementos", "Catalogo\Elementos.csproj", "{E00A8B2B-FC16-4CCA-AFB9-F61B0452C3DD}"
EndProject
Project("{FAE04EC0-301F-11D3-BF4B-00C04F79EFBC}") = "DB", "AccesoADatos\DB.csproj", "{A8921D2A-0A2A-4C79-A7B4-B00A5EC47E32}"
EndProject
Project("{FAE04EC0-301F-11D3-BF4B-00C04F79EFBC}") = "Metodos", "Metodo\Metodos.csproj", "{60927A28-7736-4CF3-A4C4-F04E70B83AA6}"
EndProject
Project("{FAE04EC0-301F-11D3-BF4B-00C04F79EFBC}") = "Ventana", "Ventana\Ventana.csproj", "{80241A8B-69C2-474A-9417-426240D6382A}"
EndProject
Global
	GlobalSection(SolutionConfigurationPlatforms) = preSolution
		Debug|Any CPU = Debug|Any CPU
		Release|Any CPU = Release|Any CPU
	EndGlobalSection
	GlobalSection(ProjectConfigurationPlatforms) = postSolution
		{E00A8B2B-FC16-4CCA-AFB9-F61B0452C3DD}.Debug|Any CPU.ActiveCfg = Debug|Any CPU
		{E00A8B2B-FC16-4CCA-AFB9-F61B0452C3DD}.Debug|Any CPU.Build.0 = Debug|Any CPU
		{E00A8B2B-FC16-4CCA-AFB9-F61B0452C3DD}.Release|Any CPU.ActiveCfg = Release|Any CPU
		{E00A8B2B-FC16-4CCA-AFB9-F61B0452C3DD}.Release|Any CPU.Build.0 = Release|Any CPU
		{A8921D2A-0A2A-4C79-A7B4-B00A5EC47E32}.Debug|Any CPU.ActiveCfg = Debug|Any CPU
		{A8921D2A-0A2A-4C79-A7B4-B00A5EC47E32}.Debug|Any CPU.Build.0 = Debug|Any CPU
		{A8921D2A-0A2A-4C79-A7B4-B00A5EC47E32}.Release|Any CPU.ActiveCfg = Release|Any CPU
		{A8921D2A-0A2A-4C79-A7B4-B00A5EC47E32}.Release|Any CPU.Build.0 = Release|Any CPU
		{60927A28-7736-4CF3-A4C4-F04E70B83AA6}.Debug|Any CPU.ActiveCfg = Debug|Any CPU
		{60927A28-7736-4CF3-A4C4-F04E70B83AA6}.Debug|Any CPU.Build.0 = Debug|Any CPU
		{60927A28-7736-4CF3-A4C4-F04E70B83AA6}.Release|Any CPU.ActiveCfg = Release|Any CPU
		{60927A28-7736-4CF3-A4C4-F04E70B83AA6}.Release|Any CPU.Build.0 = Release|Any CPU
		{80241A8B-69C2-474A-9417-426240D6382A}.Debug|Any CPU.ActiveCfg = Debug|Any CPU
		{80241A8B-69C2-474A-9417-426240D6382A}.Debug|Any CPU.Build.0 = Debug|Any CPU
		{80241A8B-69C2-474A-9417-426240D6382A}.Release|Any CPU.ActiveCfg = Release|Any CPU
		{80241A8B-69C2-474A-9417-426240D6382A}.Release|Any CPU.Build.0 = Release|Any CPU
	EndGlobalSection
	GlobalSection(SolutionProperties) = preSolution
		HideSolutionNode = FALSE
	EndGlobalSection
	GlobalSection(ExtensibilityGlobals) = postSolution
		SolutionGuid = {AE08F157-EC0D-420B-A28D-792B03ECA684}
	EndGlobalSection
EndGlobal
